
Microsoft Visual Studio Solution File, Format Version 12.00
# Visual Studio Version 16
VisualStudioVersion = 16.0.33027.164
MinimumVisualStudioVersion = 10.0.40219.1
Project("{FAE04EC0-301F-11D3-BF4B-00C04F79EFBC}") = "lab1ex5", "lab1ex5\lab1ex5.csproj", "{F31DEB3A-7A4E-4D53-AC6B-098D1FF5C43D}"
EndProject
Global
	GlobalSection(SolutionConfigurationPlatforms) = preSolution
		Debug|Any CPU = Debug|Any CPU
		Release|Any CPU = Release|Any CPU
	EndGlobalSection
	GlobalSection(ProjectConfigurationPlatforms) = postSolution
		{F31DEB3A-7A4E-4D53-AC6B-098D1FF5C43D}.Debug|Any CPU.ActiveCfg = Debug|Any CPU
		{F31DEB3A-7A4E-4D53-AC6B-098D1FF5C43D}.Debug|Any CPU.Build.0 = Debug|Any CPU
		{F31DEB3A-7A4E-4D53-AC6B-098D1FF5C43D}.Release|Any CPU.ActiveCfg = Release|Any CPU
		{F31DEB3A-7A4E-4D53-AC6B-098D1FF5C43D}.Release|Any CPU.Build.0 = Release|Any CPU
	EndGlobalSection
	GlobalSection(SolutionProperties) = preSolution
		HideSolutionNode = FALSE
	EndGlobalSection
	GlobalSection(ExtensibilityGlobals) = postSolution
		SolutionGuid = {4D3AD141-FDA6-47E5-8C5F-62BEFEAB742C}
	EndGlobalSection
EndGlobal
